// !$*UTF8*$!
{
	archiveVersion = 1;
	classes = {
	};
	objectVersion = 56;
	objects = {

/* Begin PBXBuildFile section */
		A34CD4482A7E2F1A00E4E682 /* AppDelegate.swift in Sources */ = {isa = PBXBuildFile; fileRef = A34CD4472A7E2F1A00E4E682 /* AppDelegate.swift */; };
		A34CD44A2A7E2F1A00E4E682 /* SceneDelegate.swift in Sources */ = {isa = PBXBuildFile; fileRef = A34CD4492A7E2F1A00E4E682 /* SceneDelegate.swift */; };
		A34CD44C2A7E2F1A00E4E682 /* ViewController.swift in Sources */ = {isa = PBXBuildFile; fileRef = A34CD44B2A7E2F1A00E4E682 /* ViewController.swift */; };
		A34CD44F2A7E2F1A00E4E682 /* Main.storyboard in Resources */ = {isa = PBXBuildFile; fileRef = A34CD44D2A7E2F1A00E4E682 /* Main.storyboard */; };
		A34CD4512A7E2F1B00E4E682 /* Assets.xcassets in Resources */ = {isa = PBXBuildFile; fileRef = A34CD4502A7E2F1B00E4E682 /* Assets.xcassets */; };
		A34CD4542A7E2F1B00E4E682 /* LaunchScreen.storyboard in Resources */ = {isa = PBXBuildFile; fileRef = A34CD4522A7E2F1B00E4E682 /* LaunchScreen.storyboard */; };
		A34CD45F2A7E2F1C00E4E682 /* CameraPhotoLibraryTests.swift in Sources */ = {isa = PBXBuildFile; fileRef = A34CD45E2A7E2F1C00E4E682 /* CameraPhotoLibraryTests.swift */; };
		A34CD4692A7E2F1C00E4E682 /* CameraPhotoLibraryUITests.swift in Sources */ = {isa = PBXBuildFile; fileRef = A34CD4682A7E2F1C00E4E682 /* CameraPhotoLibraryUITests.swift */; };
		A34CD46B2A7E2F1C00E4E682 /* CameraPhotoLibraryUITestsLaunchTests.swift in Sources */ = {isa = PBXBuildFile; fileRef = A34CD46A2A7E2F1C00E4E682 /* CameraPhotoLibraryUITestsLaunchTests.swift */; };
/* End PBXBuildFile section */

/* Begin PBXContainerItemProxy section */
		A34CD45B2A7E2F1C00E4E682 /* PBXContainerItemProxy */ = {
			isa = PBXContainerItemProxy;
			containerPortal = A34CD43C2A7E2F1A00E4E682 /* Project object */;
			proxyType = 1;
			remoteGlobalIDString = A34CD4432A7E2F1A00E4E682;
			remoteInfo = CameraPhotoLibrary;
		};
		A34CD4652A7E2F1C00E4E682 /* PBXContainerItemProxy */ = {
			isa = PBXContainerItemProxy;
			containerPortal = A34CD43C2A7E2F1A00E4E682 /* Project object */;
			proxyType = 1;
			remoteGlobalIDString = A34CD4432A7E2F1A00E4E682;
			remoteInfo = CameraPhotoLibrary;
		};
/* End PBXContainerItemProxy section */

/* Begin PBXFileReference section */
		A34CD4442A7E2F1A00E4E682 /* CameraPhotoLibrary.app */ = {isa = PBXFileReference; explicitFileType = wrapper.application; includeInIndex = 0; path = CameraPhotoLibrary.app; sourceTree = BUILT_PRODUCTS_DIR; };
		A34CD4472A7E2F1A00E4E682 /* AppDelegate.swift */ = {isa = PBXFileReference; lastKnownFileType = sourcecode.swift; path = AppDelegate.swift; sourceTree = "<group>"; };
		A34CD4492A7E2F1A00E4E682 /* SceneDelegate.swift */ = {isa = PBXFileReference; lastKnownFileType = sourcecode.swift; path = SceneDelegate.swift; sourceTree = "<group>"; };
		A34CD44B2A7E2F1A00E4E682 /* ViewController.swift */ = {isa = PBXFileReference; lastKnownFileType = sourcecode.swift; path = ViewController.swift; sourceTree = "<group>"; };
		A34CD44E2A7E2F1A00E4E682 /* Base */ = {isa = PBXFileReference; lastKnownFileType = file.storyboard; name = Base; path = Base.lproj/Main.storyboard; sourceTree = "<group>"; };
		A34CD4502A7E2F1B00E4E682 /* Assets.xcassets */ = {isa = PBXFileReference; lastKnownFileType = folder.assetcatalog; path = Assets.xcassets; sourceTree = "<group>"; };
		A34CD4532A7E2F1B00E4E682 /* Base */ = {isa = PBXFileReference; lastKnownFileType = file.storyboard; name = Base; path = Base.lproj/LaunchScreen.storyboard; sourceTree = "<group>"; };
		A34CD4552A7E2F1B00E4E682 /* Info.plist */ = {isa = PBXFileReference; lastKnownFileType = text.plist.xml; path = Info.plist; sourceTree = "<group>"; };
		A34CD45A2A7E2F1C00E4E682 /* CameraPhotoLibraryTests.xctest */ = {isa = PBXFileReference; explicitFileType = wrapper.cfbundle; includeInIndex = 0; path = CameraPhotoLibraryTests.xctest; sourceTree = BUILT_PRODUCTS_DIR; };
		A34CD45E2A7E2F1C00E4E682 /* CameraPhotoLibraryTests.swift */ = {isa = PBXFileReference; lastKnownFileType = sourcecode.swift; path = CameraPhotoLibraryTests.swift; sourceTree = "<group>"; };
		A34CD4642A7E2F1C00E4E682 /* CameraPhotoLibraryUITests.xctest */ = {isa = PBXFileReference; explicitFileType = wrapper.cfbundle; includeInIndex = 0; path = CameraPhotoLibraryUITests.xctest; sourceTree = BUILT_PRODUCTS_DIR; };
		A34CD4682A7E2F1C00E4E682 /* CameraPhotoLibraryUITests.swift */ = {isa = PBXFileReference; lastKnownFileType = sourcecode.swift; path = CameraPhotoLibraryUITests.swift; sourceTree = "<group>"; };
		A34CD46A2A7E2F1C00E4E682 /* CameraPhotoLibraryUITestsLaunchTests.swift */ = {isa = PBXFileReference; lastKnownFileType = sourcecode.swift; path = CameraPhotoLibraryUITestsLaunchTests.swift; sourceTree = "<group>"; };
/* End PBXFileReference section */

/* Begin PBXFrameworksBuildPhase section */
		A34CD4412A7E2F1A00E4E682 /* Frameworks */ = {
			isa = PBXFrameworksBuildPhase;
			buildActionMask = 2147483647;
			files = (
			);
			runOnlyForDeploymentPostprocessing = 0;
		};
		A34CD4572A7E2F1C00E4E682 /* Frameworks */ = {
			isa = PBXFrameworksBuildPhase;
			buildActionMask = 2147483647;
			files = (
			);
			runOnlyForDeploymentPostprocessing = 0;
		};
		A34CD4612A7E2F1C00E4E682 /* Frameworks */ = {
			isa = PBXFrameworksBuildPhase;
			buildActionMask = 2147483647;
			files = (
			);
			runOnlyForDeploymentPostprocessing = 0;
		};
/* End PBXFrameworksBuildPhase section */

/* Begin PBXGroup section */
		A34CD43B2A7E2F1A00E4E682 = {
			isa = PBXGroup;
			children = (
				A34CD4462A7E2F1A00E4E682 /* CameraPhotoLibrary */,
				A34CD45D2A7E2F1C00E4E682 /* CameraPhotoLibraryTests */,
				A34CD4672A7E2F1C00E4E682 /* CameraPhotoLibraryUITests */,
				A34CD4452A7E2F1A00E4E682 /* Products */,
			);
			sourceTree = "<group>";
		};
		A34CD4452A7E2F1A00E4E682 /* Products */ = {
			isa = PBXGroup;
			children = (
				A34CD4442A7E2F1A00E4E682 /* CameraPhotoLibrary.app */,
				A34CD45A2A7E2F1C00E4E682 /* CameraPhotoLibraryTests.xctest */,
				A34CD4642A7E2F1C00E4E682 /* CameraPhotoLibraryUITests.xctest */,
			);
			name = Products;
			sourceTree = "<group>";
		};
		A34CD4462A7E2F1A00E4E682 /* CameraPhotoLibrary */ = {
			isa = PBXGroup;
			children = (
				A34CD4472A7E2F1A00E4E682 /* AppDelegate.swift */,
				A34CD4492A7E2F1A00E4E682 /* SceneDelegate.swift */,
				A34CD44B2A7E2F1A00E4E682 /* ViewController.swift */,
				A34CD44D2A7E2F1A00E4E682 /* Main.storyboard */,
				A34CD4502A7E2F1B00E4E682 /* Assets.xcassets */,
				A34CD4522A7E2F1B00E4E682 /* LaunchScreen.storyboard */,
				A34CD4552A7E2F1B00E4E682 /* Info.plist */,
			);
			path = CameraPhotoLibrary;
			sourceTree = "<group>";
		};
		A34CD45D2A7E2F1C00E4E682 /* CameraPhotoLibraryTests */ = {
			isa = PBXGroup;
			children = (
				A34CD45E2A7E2F1C00E4E682 /* CameraPhotoLibraryTests.swift */,
			);
			path = CameraPhotoLibraryTests;
			sourceTree = "<group>";
		};
		A34CD4672A7E2F1C00E4E682 /* CameraPhotoLibraryUITests */ = {
			isa = PBXGroup;
			children = (
				A34CD4682A7E2F1C00E4E682 /* CameraPhotoLibraryUITests.swift */,
				A34CD46A2A7E2F1C00E4E682 /* CameraPhotoLibraryUITestsLaunchTests.swift */,
			);
			path = CameraPhotoLibraryUITests;
			sourceTree = "<group>";
		};
/* End PBXGroup section */

/* Begin PBXNativeTarget section */
		A34CD4432A7E2F1A00E4E682 /* CameraPhotoLibrary */ = {
			isa = PBXNativeTarget;
			buildConfigurationList = A34CD46E2A7E2F1C00E4E682 /* Build configuration list for PBXNativeTarget "CameraPhotoLibrary" */;
			buildPhases = (
				A34CD4402A7E2F1A00E4E682 /* Sources */,
				A34CD4412A7E2F1A00E4E682 /* Frameworks */,
				A34CD4422A7E2F1A00E4E682 /* Resources */,
			);
			buildRules = (
			);
			dependencies = (
			);
			name = CameraPhotoLibrary;
			productName = CameraPhotoLibrary;
			productReference = A34CD4442A7E2F1A00E4E682 /* CameraPhotoLibrary.app */;
			productType = "com.apple.product-type.application";
		};
		A34CD4592A7E2F1C00E4E682 /* CameraPhotoLibraryTests */ = {
			isa = PBXNativeTarget;
			buildConfigurationList = A34CD4712A7E2F1C00E4E682 /* Build configuration list for PBXNativeTarget "CameraPhotoLibraryTests" */;
			buildPhases = (
				A34CD4562A7E2F1C00E4E682 /* Sources */,
				A34CD4572A7E2F1C00E4E682 /* Frameworks */,
				A34CD4582A7E2F1C00E4E682 /* Resources */,
			);
			buildRules = (
			);
			dependencies = (
				A34CD45C2A7E2F1C00E4E682 /* PBXTargetDependency */,
			);
			name = CameraPhotoLibraryTests;
			productName = CameraPhotoLibraryTests;
			productReference = A34CD45A2A7E2F1C00E4E682 /* CameraPhotoLibraryTests.xctest */;
			productType = "com.apple.product-type.bundle.unit-test";
		};
		A34CD4632A7E2F1C00E4E682 /* CameraPhotoLibraryUITests */ = {
			isa = PBXNativeTarget;
			buildConfigurationList = A34CD4742A7E2F1C00E4E682 /* Build configuration list for PBXNativeTarget "CameraPhotoLibraryUITests" */;
			buildPhases = (
				A34CD4602A7E2F1C00E4E682 /* Sources */,
				A34CD4612A7E2F1C00E4E682 /* Frameworks */,
				A34CD4622A7E2F1C00E4E682 /* Resources */,
			);
			buildRules = (
			);
			dependencies = (
				A34CD4662A7E2F1C00E4E682 /* PBXTargetDependency */,
			);
			name = CameraPhotoLibraryUITests;
			productName = CameraPhotoLibraryUITests;
			productReference = A34CD4642A7E2F1C00E4E682 /* CameraPhotoLibraryUITests.xctest */;
			productType = "com.apple.product-type.bundle.ui-testing";
		};
/* End PBXNativeTarget section */

/* Begin PBXProject section */
		A34CD43C2A7E2F1A00E4E682 /* Project object */ = {
			isa = PBXProject;
			attributes = {
				BuildIndependentTargetsInParallel = 1;
				LastSwiftUpdateCheck = 1420;
				LastUpgradeCheck = 1420;
				TargetAttributes = {
					A34CD4432A7E2F1A00E4E682 = {
						CreatedOnToolsVersion = 14.2;
					};
					A34CD4592A7E2F1C00E4E682 = {
						CreatedOnToolsVersion = 14.2;
						TestTargetID = A34CD4432A7E2F1A00E4E682;
					};
					A34CD4632A7E2F1C00E4E682 = {
						CreatedOnToolsVersion = 14.2;
						TestTargetID = A34CD4432A7E2F1A00E4E682;
					};
				};
			};
			buildConfigurationList = A34CD43F2A7E2F1A00E4E682 /* Build configuration list for PBXProject "CameraPhotoLibrary" */;
			compatibilityVersion = "Xcode 14.0";
			developmentRegion = en;
			hasScannedForEncodings = 0;
			knownRegions = (
				en,
				Base,
			);
			mainGroup = A34CD43B2A7E2F1A00E4E682;
			productRefGroup = A34CD4452A7E2F1A00E4E682 /* Products */;
			projectDirPath = "";
			projectRoot = "";
			targets = (
				A34CD4432A7E2F1A00E4E682 /* CameraPhotoLibrary */,
				A34CD4592A7E2F1C00E4E682 /* CameraPhotoLibraryTests */,
				A34CD4632A7E2F1C00E4E682 /* CameraPhotoLibraryUITests */,
			);
		};
/* End PBXProject section */

/* Begin PBXResourcesBuildPhase section */
		A34CD4422A7E2F1A00E4E682 /* Resources */ = {
			isa = PBXResourcesBuildPhase;
			buildActionMask = 2147483647;
			files = (
				A34CD4542A7E2F1B00E4E682 /* LaunchScreen.storyboard in Resources */,
				A34CD4512A7E2F1B00E4E682 /* Assets.xcassets in Resources */,
				A34CD44F2A7E2F1A00E4E682 /* Main.storyboard in Resources */,
			);
			runOnlyForDeploymentPostprocessing = 0;
		};
		A34CD4582A7E2F1C00E4E682 /* Resources */ = {
			isa = PBXResourcesBuildPhase;
			buildActionMask = 2147483647;
			files = (
			);
			runOnlyForDeploymentPostprocessing = 0;
		};
		A34CD4622A7E2F1C00E4E682 /* Resources */ = {
			isa = PBXResourcesBuildPhase;
			buildActionMask = 2147483647;
			files = (
			);
			runOnlyForDeploymentPostprocessing = 0;
		};
/* End PBXResourcesBuildPhase section */

/* Begin PBXSourcesBuildPhase section */
		A34CD4402A7E2F1A00E4E682 /* Sources */ = {
			isa = PBXSourcesBuildPhase;
			buildActionMask = 2147483647;
			files = (
				A34CD44C2A7E2F1A00E4E682 /* ViewController.swift in Sources */,
				A34CD4482A7E2F1A00E4E682 /* AppDelegate.swift in Sources */,
				A34CD44A2A7E2F1A00E4E682 /* SceneDelegate.swift in Sources */,
			);
			runOnlyForDeploymentPostprocessing = 0;
		};
		A34CD4562A7E2F1C00E4E682 /* Sources */ = {
			isa = PBXSourcesBuildPhase;
			buildActionMask = 2147483647;
			files = (
				A34CD45F2A7E2F1C00E4E682 /* CameraPhotoLibraryTests.swift in Sources */,
			);
			runOnlyForDeploymentPostprocessing = 0;
		};
		A34CD4602A7E2F1C00E4E682 /* Sources */ = {
			isa = PBXSourcesBuildPhase;
			buildActionMask = 2147483647;
			files = (
				A34CD46B2A7E2F1C00E4E682 /* CameraPhotoLibraryUITestsLaunchTests.swift in Sources */,
				A34CD4692A7E2F1C00E4E682 /* CameraPhotoLibraryUITests.swift in Sources */,
			);
			runOnlyForDeploymentPostprocessing = 0;
		};
/* End PBXSourcesBuildPhase section */

/* Begin PBXTargetDependency section */
		A34CD45C2A7E2F1C00E4E682 /* PBXTargetDependency */ = {
			isa = PBXTargetDependency;
			target = A34CD4432A7E2F1A00E4E682 /* CameraPhotoLibrary */;
			targetProxy = A34CD45B2A7E2F1C00E4E682 /* PBXContainerItemProxy */;
		};
		A34CD4662A7E2F1C00E4E682 /* PBXTargetDependency */ = {
			isa = PBXTargetDependency;
			target = A34CD4432A7E2F1A00E4E682 /* CameraPhotoLibrary */;
			targetProxy = A34CD4652A7E2F1C00E4E682 /* PBXContainerItemProxy */;
		};
/* End PBXTargetDependency section */

/* Begin PBXVariantGroup section */
		A34CD44D2A7E2F1A00E4E682 /* Main.storyboard */ = {
			isa = PBXVariantGroup;
			children = (
				A34CD44E2A7E2F1A00E4E682 /* Base */,
			);
			name = Main.storyboard;
			sourceTree = "<group>";
		};
		A34CD4522A7E2F1B00E4E682 /* LaunchScreen.storyboard */ = {
			isa = PBXVariantGroup;
			children = (
				A34CD4532A7E2F1B00E4E682 /* Base */,
			);
			name = LaunchScreen.storyboard;
			sourceTree = "<group>";
		};
/* End PBXVariantGroup section */

/* Begin XCBuildConfiguration section */
		A34CD46C2A7E2F1C00E4E682 /* Debug */ = {
			isa = XCBuildConfiguration;
			buildSettings = {
				ALWAYS_SEARCH_USER_PATHS = NO;
				CLANG_ANALYZER_NONNULL = YES;
				CLANG_ANALYZER_NUMBER_OBJECT_CONVERSION = YES_AGGRESSIVE;
				CLANG_CXX_LANGUAGE_STANDARD = "gnu++20";
				CLANG_ENABLE_MODULES = YES;
				CLANG_ENABLE_OBJC_ARC = YES;
				CLANG_ENABLE_OBJC_WEAK = YES;
				CLANG_WARN_BLOCK_CAPTURE_AUTORELEASING = YES;
				CLANG_WARN_BOOL_CONVERSION = YES;
				CLANG_WARN_COMMA = YES;
				CLANG_WARN_CONSTANT_CONVERSION = YES;
				CLANG_WARN_DEPRECATED_OBJC_IMPLEMENTATIONS = YES;
				CLANG_WARN_DIRECT_OBJC_ISA_USAGE = YES_ERROR;
				CLANG_WARN_DOCUMENTATION_COMMENTS = YES;
				CLANG_WARN_EMPTY_BODY = YES;
				CLANG_WARN_ENUM_CONVERSION = YES;
				CLANG_WARN_INFINITE_RECURSION = YES;
				CLANG_WARN_INT_CONVERSION = YES;
				CLANG_WARN_NON_LITERAL_NULL_CONVERSION = YES;
				CLANG_WARN_OBJC_IMPLICIT_RETAIN_SELF = YES;
				CLANG_WARN_OBJC_LITERAL_CONVERSION = YES;
				CLANG_WARN_OBJC_ROOT_CLASS = YES_ERROR;
				CLANG_WARN_QUOTED_INCLUDE_IN_FRAMEWORK_HEADER = YES;
				CLANG_WARN_RANGE_LOOP_ANALYSIS = YES;
				CLANG_WARN_STRICT_PROTOTYPES = YES;
				CLANG_WARN_SUSPICIOUS_MOVE = YES;
				CLANG_WARN_UNGUARDED_AVAILABILITY = YES_AGGRESSIVE;
				CLANG_WARN_UNREACHABLE_CODE = YES;
				CLANG_WARN__DUPLICATE_METHOD_MATCH = YES;
				COPY_PHASE_STRIP = NO;
				DEBUG_INFORMATION_FORMAT = dwarf;
				ENABLE_STRICT_OBJC_MSGSEND = YES;
				ENABLE_TESTABILITY = YES;
				GCC_C_LANGUAGE_STANDARD = gnu11;
				GCC_DYNAMIC_NO_PIC = NO;
				GCC_NO_COMMON_BLOCKS = YES;
				GCC_OPTIMIZATION_LEVEL = 0;
				GCC_PREPROCESSOR_DEFINITIONS = (
					"DEBUG=1",
					"$(inherited)",
				);
				GCC_WARN_64_TO_32_BIT_CONVERSION = YES;
				GCC_WARN_ABOUT_RETURN_TYPE = YES_ERROR;
				GCC_WARN_UNDECLARED_SELECTOR = YES;
				GCC_WARN_UNINITIALIZED_AUTOS = YES_AGGRESSIVE;
				GCC_WARN_UNUSED_FUNCTION = YES;
				GCC_WARN_UNUSED_VARIABLE = YES;
				IPHONEOS_DEPLOYMENT_TARGET = 16.2;
				MTL_ENABLE_DEBUG_INFO = INCLUDE_SOURCE;
				MTL_FAST_MATH = YES;
				ONLY_ACTIVE_ARCH = YES;
				SDKROOT = iphoneos;
				SWIFT_ACTIVE_COMPILATION_CONDITIONS = DEBUG;
				SWIFT_OPTIMIZATION_LEVEL = "-Onone";
			};
			name = Debug;
		};
		A34CD46D2A7E2F1C00E4E682 /* Release */ = {
			isa = XCBuildConfiguration;
			buildSettings = {
				ALWAYS_SEARCH_USER_PATHS = NO;
				CLANG_ANALYZER_NONNULL = YES;
				CLANG_ANALYZER_NUMBER_OBJECT_CONVERSION = YES_AGGRESSIVE;
				CLANG_CXX_LANGUAGE_STANDARD = "gnu++20";
				CLANG_ENABLE_MODULES = YES;
				CLANG_ENABLE_OBJC_ARC = YES;
				CLANG_ENABLE_OBJC_WEAK = YES;
				CLANG_WARN_BLOCK_CAPTURE_AUTORELEASING = YES;
				CLANG_WARN_BOOL_CONVERSION = YES;
				CLANG_WARN_COMMA = YES;
				CLANG_WARN_CONSTANT_CONVERSION = YES;
				CLANG_WARN_DEPRECATED_OBJC_IMPLEMENTATIONS = YES;
				CLANG_WARN_DIRECT_OBJC_ISA_USAGE = YES_ERROR;
				CLANG_WARN_DOCUMENTATION_COMMENTS = YES;
				CLANG_WARN_EMPTY_BODY = YES;
				CLANG_WARN_ENUM_CONVERSION = YES;
				CLANG_WARN_INFINITE_RECURSION = YES;
				CLANG_WARN_INT_CONVERSION = YES;
				CLANG_WARN_NON_LITERAL_NULL_CONVERSION = YES;
				CLANG_WARN_OBJC_IMPLICIT_RETAIN_SELF = YES;
				CLANG_WARN_OBJC_LITERAL_CONVERSION = YES;
				CLANG_WARN_OBJC_ROOT_CLASS = YES_ERROR;
				CLANG_WARN_QUOTED_INCLUDE_IN_FRAMEWORK_HEADER = YES;
				CLANG_WARN_RANGE_LOOP_ANALYSIS = YES;
				CLANG_WARN_STRICT_PROTOTYPES = YES;
				CLANG_WARN_SUSPICIOUS_MOVE = YES;
				CLANG_WARN_UNGUARDED_AVAILABILITY = YES_AGGRESSIVE;
				CLANG_WARN_UNREACHABLE_CODE = YES;
				CLANG_WARN__DUPLICATE_METHOD_MATCH = YES;
				COPY_PHASE_STRIP = NO;
				DEBUG_INFORMATION_FORMAT = "dwarf-with-dsym";
				ENABLE_NS_ASSERTIONS = NO;
				ENABLE_STRICT_OBJC_MSGSEND = YES;
				GCC_C_LANGUAGE_STANDARD = gnu11;
				GCC_NO_COMMON_BLOCKS = YES;
				GCC_WARN_64_TO_32_BIT_CONVERSION = YES;
				GCC_WARN_ABOUT_RETURN_TYPE = YES_ERROR;
				GCC_WARN_UNDECLARED_SELECTOR = YES;
				GCC_WARN_UNINITIALIZED_AUTOS = YES_AGGRESSIVE;
				GCC_WARN_UNUSED_FUNCTION = YES;
				GCC_WARN_UNUSED_VARIABLE = YES;
				IPHONEOS_DEPLOYMENT_TARGET = 16.2;
				MTL_ENABLE_DEBUG_INFO = NO;
				MTL_FAST_MATH = YES;
				SDKROOT = iphoneos;
				SWIFT_COMPILATION_MODE = wholemodule;
				SWIFT_OPTIMIZATION_LEVEL = "-O";
				VALIDATE_PRODUCT = YES;
			};
			name = Release;
		};
		A34CD46F2A7E2F1C00E4E682 /* Debug */ = {
			isa = XCBuildConfiguration;
			buildSettings = {
				ASSETCATALOG_COMPILER_APPICON_NAME = AppIcon;
				ASSETCATALOG_COMPILER_GLOBAL_ACCENT_COLOR_NAME = AccentColor;
				CODE_SIGN_STYLE = Automatic;
				CURRENT_PROJECT_VERSION = 1;
				GENERATE_INFOPLIST_FILE = YES;
				INFOPLIST_FILE = CameraPhotoLibrary/Info.plist;
				INFOPLIST_KEY_UIApplicationSupportsIndirectInputEvents = YES;
				INFOPLIST_KEY_UILaunchStoryboardName = LaunchScreen;
				INFOPLIST_KEY_UIMainStoryboardFile = Main;
				INFOPLIST_KEY_UISupportedInterfaceOrientations_iPad = "UIInterfaceOrientationPortrait UIInterfaceOrientationPortraitUpsideDown UIInterfaceOrientationLandscapeLeft UIInterfaceOrientationLandscapeRight";
				INFOPLIST_KEY_UISupportedInterfaceOrientations_iPhone = "UIInterfaceOrientationPortrait UIInterfaceOrientationLandscapeLeft UIInterfaceOrientationLandscapeRight";
				LD_RUNPATH_SEARCH_PATHS = (
					"$(inherited)",
					"@executable_path/Frameworks",
				);
				MARKETING_VERSION = 1.0;
				PRODUCT_BUNDLE_IDENTIFIER = com.iosswift.CameraPhotoLibrary;
				PRODUCT_NAME = "$(TARGET_NAME)";
				SWIFT_EMIT_LOC_STRINGS = YES;
				SWIFT_VERSION = 5.0;
				TARGETED_DEVICE_FAMILY = "1,2";
			};
			name = Debug;
		};
		A34CD4702A7E2F1C00E4E682 /* Release */ = {
			isa = XCBuildConfiguration;
			buildSettings = {
				ASSETCATALOG_COMPILER_APPICON_NAME = AppIcon;
				ASSETCATALOG_COMPILER_GLOBAL_ACCENT_COLOR_NAME = AccentColor;
				CODE_SIGN_STYLE = Automatic;
				CURRENT_PROJECT_VERSION = 1;
				GENERATE_INFOPLIST_FILE = YES;
				INFOPLIST_FILE = CameraPhotoLibrary/Info.plist;
				INFOPLIST_KEY_UIApplicationSupportsIndirectInputEvents = YES;
				INFOPLIST_KEY_UILaunchStoryboardName = LaunchScreen;
				INFOPLIST_KEY_UIMainStoryboardFile = Main;
				INFOPLIST_KEY_UISupportedInterfaceOrientations_iPad = "UIInterfaceOrientationPortrait UIInterfaceOrientationPortraitUpsideDown UIInterfaceOrientationLandscapeLeft UIInterfaceOrientationLandscapeRight";
				INFOPLIST_KEY_UISupportedInterfaceOrientations_iPhone = "UIInterfaceOrientationPortrait UIInterfaceOrientationLandscapeLeft UIInterfaceOrientationLandscapeRight";
				LD_RUNPATH_SEARCH_PATHS = (
					"$(inherited)",
					"@executable_path/Frameworks",
				);
				MARKETING_VERSION = 1.0;
				PRODUCT_BUNDLE_IDENTIFIER = com.iosswift.CameraPhotoLibrary;
				PRODUCT_NAME = "$(TARGET_NAME)";
				SWIFT_EMIT_LOC_STRINGS = YES;
				SWIFT_VERSION = 5.0;
				TARGETED_DEVICE_FAMILY = "1,2";
			};
			name = Release;
		};
		A34CD4722A7E2F1C00E4E682 /* Debug */ = {
			isa = XCBuildConfiguration;
			buildSettings = {
				ALWAYS_EMBED_SWIFT_STANDARD_LIBRARIES = YES;
				BUNDLE_LOADER = "$(TEST_HOST)";
				CODE_SIGN_STYLE = Automatic;
				CURRENT_PROJECT_VERSION = 1;
				GENERATE_INFOPLIST_FILE = YES;
				IPHONEOS_DEPLOYMENT_TARGET = 16.2;
				MARKETING_VERSION = 1.0;
				PRODUCT_BUNDLE_IDENTIFIER = com.iosswift.CameraPhotoLibraryTests;
				PRODUCT_NAME = "$(TARGET_NAME)";
				SWIFT_EMIT_LOC_STRINGS = NO;
				SWIFT_VERSION = 5.0;
				TARGETED_DEVICE_FAMILY = "1,2";
				TEST_HOST = "$(BUILT_PRODUCTS_DIR)/CameraPhotoLibrary.app/$(BUNDLE_EXECUTABLE_FOLDER_PATH)/CameraPhotoLibrary";
			};
			name = Debug;
		};
		A34CD4732A7E2F1C00E4E682 /* Release */ = {
			isa = XCBuildConfiguration;
			buildSettings = {
				ALWAYS_EMBED_SWIFT_STANDARD_LIBRARIES = YES;
				BUNDLE_LOADER = "$(TEST_HOST)";
				CODE_SIGN_STYLE = Automatic;
				CURRENT_PROJECT_VERSION = 1;
				GENERATE_INFOPLIST_FILE = YES;
				IPHONEOS_DEPLOYMENT_TARGET = 16.2;
				MARKETING_VERSION = 1.0;
				PRODUCT_BUNDLE_IDENTIFIER = com.iosswift.CameraPhotoLibraryTests;
				PRODUCT_NAME = "$(TARGET_NAME)";
				SWIFT_EMIT_LOC_STRINGS = NO;
				SWIFT_VERSION = 5.0;
				TARGETED_DEVICE_FAMILY = "1,2";
				TEST_HOST = "$(BUILT_PRODUCTS_DIR)/CameraPhotoLibrary.app/$(BUNDLE_EXECUTABLE_FOLDER_PATH)/CameraPhotoLibrary";
			};
			name = Release;
		};
		A34CD4752A7E2F1C00E4E682 /* Debug */ = {
			isa = XCBuildConfiguration;
			buildSettings = {
				ALWAYS_EMBED_SWIFT_STANDARD_LIBRARIES = YES;
				CODE_SIGN_STYLE = Automatic;
				CURRENT_PROJECT_VERSION = 1;
				GENERATE_INFOPLIST_FILE = YES;
				MARKETING_VERSION = 1.0;
				PRODUCT_BUNDLE_IDENTIFIER = com.iosswift.CameraPhotoLibraryUITests;
				PRODUCT_NAME = "$(TARGET_NAME)";
				SWIFT_EMIT_LOC_STRINGS = NO;
				SWIFT_VERSION = 5.0;
				TARGETED_DEVICE_FAMILY = "1,2";
				TEST_TARGET_NAME = CameraPhotoLibrary;
			};
			name = Debug;
		};
		A34CD4762A7E2F1C00E4E682 /* Release */ = {
			isa = XCBuildConfiguration;
			buildSettings = {
				ALWAYS_EMBED_SWIFT_STANDARD_LIBRARIES = YES;
				CODE_SIGN_STYLE = Automatic;
				CURRENT_PROJECT_VERSION = 1;
				GENERATE_INFOPLIST_FILE = YES;
				MARKETING_VERSION = 1.0;
				PRODUCT_BUNDLE_IDENTIFIER = com.iosswift.CameraPhotoLibraryUITests;
				PRODUCT_NAME = "$(TARGET_NAME)";
				SWIFT_EMIT_LOC_STRINGS = NO;
				SWIFT_VERSION = 5.0;
				TARGETED_DEVICE_FAMILY = "1,2";
				TEST_TARGET_NAME = CameraPhotoLibrary;
			};
			name = Release;
		};
/* End XCBuildConfiguration section */

/* Begin XCConfigurationList section */
		A34CD43F2A7E2F1A00E4E682 /* Build configuration list for PBXProject "CameraPhotoLibrary" */ = {
			isa = XCConfigurationList;
			buildConfigurations = (
				A34CD46C2A7E2F1C00E4E682 /* Debug */,
				A34CD46D2A7E2F1C00E4E682 /* Release */,
			);
			defaultConfigurationIsVisible = 0;
			defaultConfigurationName = Release;
		};
		A34CD46E2A7E2F1C00E4E682 /* Build configuration list for PBXNativeTarget "CameraPhotoLibrary" */ = {
			isa = XCConfigurationList;
			buildConfigurations = (
				A34CD46F2A7E2F1C00E4E682 /* Debug */,
				A34CD4702A7E2F1C00E4E682 /* Release */,
			);
			defaultConfigurationIsVisible = 0;
			defaultConfigurationName = Release;
		};
		A34CD4712A7E2F1C00E4E682 /* Build configuration list for PBXNativeTarget "CameraPhotoLibraryTests" */ = {
			isa = XCConfigurationList;
			buildConfigurations = (
				A34CD4722A7E2F1C00E4E682 /* Debug */,
				A34CD4732A7E2F1C00E4E682 /* Release */,
			);
			defaultConfigurationIsVisible = 0;
			defaultConfigurationName = Release;
		};
		A34CD4742A7E2F1C00E4E682 /* Build configuration list for PBXNativeTarget "CameraPhotoLibraryUITests" */ = {
			isa = XCConfigurationList;
			buildConfigurations = (
				A34CD4752A7E2F1C00E4E682 /* Debug */,
				A34CD4762A7E2F1C00E4E682 /* Release */,
			);
			defaultConfigurationIsVisible = 0;
			defaultConfigurationName = Release;
		};
/* End XCConfigurationList section */
	};
	rootObject = A34CD43C2A7E2F1A00E4E682 /* Project object */;
}
